{
  "nodes": {
    "nixpkgs": {
      "locked": {
        "lastModified": 1734789641,
        "narHash": "sha256-2xmyShPWdsyhaOPEi9BVxxNvr04oLxSyOCXSPyrODF0=",
        "owner": "NixOS",
        "repo": "nixpkgs",
        "rev": "3c6867e2f20b8584b03deb6d2b13d0ee0b4ad650",
        "type": "github"
      },
      "original": {
        "owner": "NixOS",
        "repo": "nixpkgs",
        "type": "github"
      }
    },
    "root": {
      "inputs": {
        "nixpkgs": "nixpkgs"
      }
    }
  },
  "root": "root",
  "version": 7
}
