{
  "nodes": {
    "nixpkgs": {
      "locked": {
        "lastModified": 1745076711,
        "narHash": "sha256-XfvzyvmLEnh/97Ii9mwQ0ZyLSG6CmZziBkV/IaSX500=",
        "owner": "NixOS",
        "repo": "nixpkgs",
        "rev": "43bdffa3ba277122239d17a4b7792af8e322f698",
        "type": "github"
      },
      "original": {
        "owner": "NixOS",
        "repo": "nixpkgs",
        "type": "github"
      }
    },
    "root": {
      "inputs": {
        "nixpkgs": "nixpkgs"
      }
    }
  },
  "root": "root",
  "version": 7
}
